{
  "name": "BodaJo",
  "lockfileVersion": 3,
  "requires": true,
  "packages": {
    "": {
      "dependencies": {
        "@fontsource/athiti": "^5.0.12",
        "@fontsource/birthstone": "^5.0.19"
      }
    },
    "node_modules/@fontsource/athiti": {
      "version": "5.0.12",
      "resolved": "https://registry.npmjs.org/@fontsource/athiti/-/athiti-5.0.12.tgz",
      "integrity": "sha512-O3gcI6rPk20QCYJo9nbdHK2+Vr+E7OP2CikM+gHN1yOtJ/QL6lokmknmMeEH8fh8vhNVUsFwmb/v/hF2rJN2rw=="
    },
    "node_modules/@fontsource/birthstone": {
      "version": "5.0.19",
      "resolved": "https://registry.npmjs.org/@fontsource/birthstone/-/birthstone-5.0.19.tgz",
      "integrity": "sha512-hmKJR5K6TjYnCcYg9zqStxdLUERsDp96nCOQlwc6a4eiO+uZhjLW5Nypb2lZWNnXJm6v/xBlYH9c8VRzyq0qOQ=="
    }
  }
}
